PODS:
  - AFNetworking (3.0.4):
    - AFNetworking/NSURLSession (= 3.0.4)
    - AFNetworking/Reachability (= 3.0.4)
    - AFNetworking/Security (= 3.0.4)
    - AFNetworking/Serialization (= 3.0.4)
    - AFNetworking/UIKit (= 3.0.4)
  - AFNetworking/NSURLSession (3.0.4):
    - AFNetworking/Reachability
    - AFNetworking/Security
    - AFNetworking/Serialization
  - AFNetworking/Reachability (3.0.4)
  - AFNetworking/Security (3.0.4)
  - AFNetworking/Serialization (3.0.4)
  - AFNetworking/UIKit (3.0.4):
    - AFNetworking/NSURLSession
  - Base64 (1.1.2)
  - boost-for-react-native (1.63.0)
  - CodePush (5.3.4):
    - Base64 (~> 1.1)
    - JWT (~> 3.0.0-beta.7)
    - React
    - SSZipArchive (~> 2.1)
  - DateTools (1.7.0)
  - DoubleConversion (1.1.5)
  - FMDB (2.6.2):
    - FMDB/standard (= 2.6.2)
  - FMDB/standard (2.6.2)
  - Folly (2016.09.26.00):
    - boost-for-react-native
    - DoubleConversion
    - glog
  - glog (0.3.4)
  - JWT (3.0.0-beta.8):
    - Base64 (~> 1.1.2)
  - MagicalRecord (2.3.2):
    - MagicalRecord/Core (= 2.3.2)
  - MagicalRecord/Core (2.3.2)
  - Masonry (1.0.1)
  - MBProgressHUD (1.0.0)
  - MJExtension (3.0.13)
  - MJRefresh (3.1.12)
  - pop (1.0.9)
  - Reachability (3.2)
  - React (0.55.4):
    - React/Core (= 0.55.4)
  - React/Core (0.55.4):
    - yoga (= 0.55.4.React)
  - React/CxxBridge (0.55.4):
    - Folly (= 2016.09.26.00)
    - React/Core
    - React/cxxreact
  - React/cxxreact (0.55.4):
    - boost-for-react-native (= 1.63.0)
    - Folly (= 2016.09.26.00)
    - React/jschelpers
    - React/jsinspector
  - React/DevSupport (0.55.4):
    - React/Core
    - React/RCTWebSocket
  - React/fishhook (0.55.4)
  - React/jschelpers (0.55.4):
    - Folly (= 2016.09.26.00)
    - React/PrivateDatabase
  - React/jsinspector (0.55.4)
  - React/PrivateDatabase (0.55.4)
  - React/RCTAnimation (0.55.4):
    - React/Core
  - React/RCTBlob (0.55.4):
    - React/Core
  - React/RCTImage (0.55.4):
    - React/Core
    - React/RCTNetwork
  - React/RCTNetwork (0.55.4):
    - React/Core
  - React/RCTText (0.55.4):
    - React/Core
  - React/RCTWebSocket (0.55.4):
    - React/Core
    - React/fishhook
    - React/RCTBlob
  - ReactiveCocoa (2.1.8):
    - ReactiveCocoa/Core (= 2.1.8)
    - ReactiveCocoa/no-arc (= 2.1.8)
  - ReactiveCocoa/Core (2.1.8):
    - ReactiveCocoa/no-arc
  - ReactiveCocoa/no-arc (2.1.8)
  - SDWebImage (3.8.1):
    - SDWebImage/Core (= 3.8.1)
  - SDWebImage/Core (3.8.1)
  - SocketRocket (0.4.2)
  - SSZipArchive (2.1.2)
  - TTTAttributedLabel (1.13.4)
  - yoga (0.55.4.React)

DEPENDENCIES:
  - AFNetworking (~> 3.0.4)
  - CodePush (from `../RNPart/node_modules/react-native-code-push/CodePush.podspec`)
  - DateTools (~> 1.7.0)
  - DoubleConversion (from `../RNPart/node_modules/react-native/third-party-podspecs/DoubleConversion.podspec`)
  - FMDB (~> 2.6)
  - Folly (from `../RNPart/node_modules/react-native/third-party-podspecs/Folly.podspec`)
  - glog (from `../RNPart/node_modules/react-native/third-party-podspecs/glog.podspec`)
  - MagicalRecord (~> 2.3.0)
  - Masonry
  - MBProgressHUD
  - MJExtension (~> 3.0.10)
  - MJRefresh
  - pop (~> 1.0)
  - Reachability (~> 3.2)
  - React/Core (from `../RNPart/node_modules/react-native`)
  - React/CxxBridge (from `../RNPart/node_modules/react-native`)
  - React/DevSupport (from `../RNPart/node_modules/react-native`)
  - React/RCTAnimation (from `../RNPart/node_modules/react-native`)
  - React/RCTImage (from `../RNPart/node_modules/react-native`)
  - React/RCTNetwork (from `../RNPart/node_modules/react-native`)
  - React/RCTText (from `../RNPart/node_modules/react-native`)
  - React/RCTWebSocket (from `../RNPart/node_modules/react-native`)
  - ReactiveCocoa (~> 2.1.8)
  - SDWebImage
  - SocketRocket (~> 0.4.2)
  - TTTAttributedLabel (~> 1.13.4)
  - yoga (from `../RNPart/node_modules/react-native/ReactCommon/yoga`)

EXTERNAL SOURCES:
  CodePush:
    :podspec: ../RNPart/node_modules/react-native-code-push/CodePush.podspec
  DoubleConversion:
    :podspec: ../RNPart/node_modules/react-native/third-party-podspecs/DoubleConversion.podspec
  Folly:
    :podspec: ../RNPart/node_modules/react-native/third-party-podspecs/Folly.podspec
  glog:
    :podspec: ../RNPart/node_modules/react-native/third-party-podspecs/glog.podspec
  React:
    :path: ../RNPart/node_modules/react-native
  yoga:
    :path: ../RNPart/node_modules/react-native/ReactCommon/yoga

SPEC CHECKSUMS:
  AFNetworking: a0075feb321559dc78d9d85b55d11caa19eabb93
  Base64: cecfb41a004124895a7bcee567a89bae5a89d49b
  boost-for-react-native: 39c7adb57c4e60d6c5479dd8623128eb5b3f0f2c
  CodePush: 655a6dfdd99608d9351ec663f59b7d03f83860a4
  DateTools: 53288ee8b905fdc75897a1e6b5cc0144b14cba60
  DoubleConversion: e22e0762848812a87afd67ffda3998d9ef29170c
  FMDB: 854a0341b4726e53276f2a8996f06f1b80f9259a
  Folly: 211775e49d8da0ca658aebc8eab89d642935755c
  glog: 1de0bb937dccdc981596d3b5825ebfb765017ded
  JWT: 6e7ec473b6febcb7498affc84f0e75d393914411
  MagicalRecord: 53bed74b4323b930992a725be713e53b37d19755
  Masonry: a1a931a0d08870ed8ae415a2ea5ea68ebcac77df
  MBProgressHUD: 4890f671c94e8a0f3cf959aa731e9de2f036d71a
  MJExtension: 5932755f451458eefa24239358817f8d291240c7
  MJRefresh: b96cdb21c4aa75a7b07654311ab2f315c497e806
  pop: f667631a5108a2e60d9e8797c9b32ddaf2080bce
  Reachability: 33e18b67625424e47b6cde6d202dce689ad7af96
  React: aa2040dbb6f317b95314968021bd2888816e03d5
  ReactiveCocoa: f89f2e009a87951b50321bf9feb958823fcc617e
  SDWebImage: 35f9627a3e44b4f292a8a8ce6a531fa488239b91
  SocketRocket: ffe08119b00ef982f6c37052a4705a057c8494ad
  SSZipArchive: d4009d2ce5520a421f231fd97028cc0e2667eed8
  TTTAttributedLabel: 0a2ac7b2dd726d32a070dafb01446026b11e624f
  yoga: a23273df0088bf7f2bb7e5d7b00044ea57a2a54a

PODFILE CHECKSUM: bd2609a98f5a3b4ee2c727eb81ad5dd172e655c2

COCOAPODS: 1.4.0
